
Microsoft Visual Studio Solution File, Format Version 12.00
# Visual Studio Version 17
VisualStudioVersion = 17.12.35521.163 d17.12
MinimumVisualStudioVersion = 10.0.40219.1
Project("{FAE04EC0-301F-11D3-BF4B-00C04F79EFBC}") = "API", "API\API.csproj", "{795CE6AB-86CA-4E2A-81CB-84BA91C88E4B}"
EndProject
Project("{FAE04EC0-301F-11D3-BF4B-00C04F79EFBC}") = "Core", "Core\Core.csproj", "{0B74D5B5-9D82-4E4A-A951-F71040BB32C7}"
EndProject
Project("{FAE04EC0-301F-11D3-BF4B-00C04F79EFBC}") = "Infrastructure", "Infrastructure\Infrastructure.csproj", "{46D72B59-0D17-4F4D-8D81-D2738D63B487}"
EndProject
Project("{2150E333-8FDC-42A3-9474-1A3956D46DE8}") = "Solution Items", "Solution Items", "{C03E9844-832D-4F1D-864E-03A82468A27B}"
	ProjectSection(SolutionItems) = preProject
		.editorconfig = .editorconfig
	EndProjectSection
EndProject
Global
	GlobalSection(SolutionConfigurationPlatforms) = preSolution
		Debug|Any CPU = Debug|Any CPU
		Release|Any CPU = Release|Any CPU
	EndGlobalSection
	GlobalSection(ProjectConfigurationPlatforms) = postSolution
		{795CE6AB-86CA-4E2A-81CB-84BA91C88E4B}.Debug|Any CPU.ActiveCfg = Debug|Any CPU
		{795CE6AB-86CA-4E2A-81CB-84BA91C88E4B}.Debug|Any CPU.Build.0 = Debug|Any CPU
		{795CE6AB-86CA-4E2A-81CB-84BA91C88E4B}.Release|Any CPU.ActiveCfg = Release|Any CPU
		{795CE6AB-86CA-4E2A-81CB-84BA91C88E4B}.Release|Any CPU.Build.0 = Release|Any CPU
		{0B74D5B5-9D82-4E4A-A951-F71040BB32C7}.Debug|Any CPU.ActiveCfg = Debug|Any CPU
		{0B74D5B5-9D82-4E4A-A951-F71040BB32C7}.Debug|Any CPU.Build.0 = Debug|Any CPU
		{0B74D5B5-9D82-4E4A-A951-F71040BB32C7}.Release|Any CPU.ActiveCfg = Release|Any CPU
		{0B74D5B5-9D82-4E4A-A951-F71040BB32C7}.Release|Any CPU.Build.0 = Release|Any CPU
		{46D72B59-0D17-4F4D-8D81-D2738D63B487}.Debug|Any CPU.ActiveCfg = Debug|Any CPU
		{46D72B59-0D17-4F4D-8D81-D2738D63B487}.Debug|Any CPU.Build.0 = Debug|Any CPU
		{46D72B59-0D17-4F4D-8D81-D2738D63B487}.Release|Any CPU.ActiveCfg = Release|Any CPU
		{46D72B59-0D17-4F4D-8D81-D2738D63B487}.Release|Any CPU.Build.0 = Release|Any CPU
	EndGlobalSection
	GlobalSection(SolutionProperties) = preSolution
		HideSolutionNode = FALSE
	EndGlobalSection
EndGlobal
